<?xml version="1.0" encoding="utf-8"?>
<Project xmlns="http://schemas.microsoft.com/developer/msbuild/2003">
  <ItemGroup>
    <Filter Include="Form Files">
      <UniqueIdentifier>{99349809-55BA-4b9d-BF79-8FDBB0286EB3}</UniqueIdentifier>
      <Extensions>ui</Extensions>
      <ParseFiles>false</ParseFiles>
    </Filter>
    <Filter Include="Form Files">
      <UniqueIdentifier>{99349809-55BA-4b9d-BF79-8FDBB0286EB3}</UniqueIdentifier>
      <Extensions>ui</Extensions>
      <ParseFiles>false</ParseFiles>
    </Filter>
    <Filter Include="Generated Files">
      <UniqueIdentifier>{71ED8ED8-ACB9-4CE9-BBE1-E00B30144E11}</UniqueIdentifier>
      <Extensions>cpp;c;cxx;moc;h;def;odl;idl;res;</Extensions>
    </Filter>
    <Filter Include="Generated Files">
      <UniqueIdentifier>{71ED8ED8-ACB9-4CE9-BBE1-E00B30144E11}</UniqueIdentifier>
      <Extensions>cpp;c;cxx;moc;h;def;odl;idl;res;</Extensions>
    </Filter>
    <Filter Include="Header Files">
      <UniqueIdentifier>{93995380-89BD-4b04-88EB-625FBE52EBFB}</UniqueIdentifier>
      <Extensions>h;hpp;hxx;hm;inl;inc;xsd</Extensions>
    </Filter>
    <Filter Include="Header Files">
      <UniqueIdentifier>{93995380-89BD-4b04-88EB-625FBE52EBFB}</UniqueIdentifier>
      <Extensions>h;hpp;hxx;hm;inl;inc;xsd</Extensions>
    </Filter>
    <Filter Include="Resource Files">
      <UniqueIdentifier>{D9D6E242-F8AF-46E4-B9FD-80ECBC20BA3E}</UniqueIdentifier>
      <Extensions>qrc;*</Extensions>
      <ParseFiles>false</ParseFiles>
    </Filter>
    <Filter Include="Resource Files">
      <UniqueIdentifier>{D9D6E242-F8AF-46E4-B9FD-80ECBC20BA3E}</UniqueIdentifier>
      <Extensions>qrc;*</Extensions>
      <ParseFiles>false</ParseFiles>
    </Filter>
    <Filter Include="Source Files">
      <UniqueIdentifier>{4FC737F1-C7A5-4376-A066-2A32D752A2FF}</UniqueIdentifier>
      <Extensions>cpp;c;cxx;def;odl;idl;hpj;bat;asm;asmx</Extensions>
    </Filter>
    <Filter Include="Source Files">
      <UniqueIdentifier>{4FC737F1-C7A5-4376-A066-2A32D752A2FF}</UniqueIdentifier>
      <Extensions>cpp;c;cxx;def;odl;idl;hpj;bat;asm;asmx</Extensions>
    </Filter>
  </ItemGroup>
  <ItemGroup>
    <ClCompile Include="devctrl\subdevctrl\oscidevctrl\activedsolib.cpp">
      <Filter>Source Files</Filter>
    </ClCompile>
    <ClCompile Include="devctrlwidget\kxccdwidget\kxccdwidget\autosaveimagewidget.cpp">
      <Filter>Source Files</Filter>
    </ClCompile>
    <ClCompile Include="devctrlwidget\kxccdwidget\kxccdmulitctrlwidget\customlabel.cpp">
      <Filter>Source Files</Filter>
    </ClCompile>
    <ClCompile Include="devctrlwidget\kxccdwidget\kxccdwidget\customsliderwidget.cpp">
      <Filter>Source Files</Filter>
    </ClCompile>
    <ClCompile Include="devctrl\subdevctrl\energyadjustdevctrl\customtcpserver.cpp">
      <Filter>Source Files</Filter>
    </ClCompile>
    <ClCompile Include="dbprocess\dbbase.cpp">
      <Filter>Source Files</Filter>
    </ClCompile>
    <ClCompile Include="dbprocess\dbdataprocess.cpp">
      <Filter>Source Files</Filter>
    </ClCompile>
    <ClCompile Include="platformworkwidget\defectMeasurewidget.cpp">
      <Filter>Source Files</Filter>
    </ClCompile>
    <ClCompile Include="offlinedatashowwidget\defectcheckimagewidget.cpp">
      <Filter>Source Files</Filter>
    </ClCompile>
    <ClCompile Include="devctrl\subdevctrl\defectchecksysctrl\defectchecksysctrl.cpp">
      <Filter>Source Files</Filter>
    </ClCompile>
    <ClCompile Include="offlinedatashowwidget\defectdatawidget.cpp">
      <Filter>Source Files</Filter>
    </ClCompile>
    <ClCompile Include="devconfig\devconfig.cpp">
      <Filter>Source Files</Filter>
    </ClCompile>
    <ClCompile Include="devconfig\devconfigwidget.cpp">
      <Filter>Source Files</Filter>
    </ClCompile>
    <ClCompile Include="devctrl\devctrlmanager\devctrlmanager.cpp">
      <Filter>Source Files</Filter>
    </ClCompile>
    <ClCompile Include="devctrlwidget\energyadjdevctrlwidget\energyadjdevwidget.cpp">
      <Filter>Source Files</Filter>
    </ClCompile>
    <ClCompile Include="devctrl\subdevctrl\energyadjustdevctrl\energyadjustdevctrl.cpp">
      <Filter>Source Files</Filter>
    </ClCompile>
    <ClCompile Include="devctrl\subdevctrl\energydevctrl\energydevctrl.cpp">
      <Filter>Source Files</Filter>
    </ClCompile>
    <ClCompile Include="devctrlwidget\energydevctrlwidget\energydevctrlwidget.cpp">
      <Filter>Source Files</Filter>
    </ClCompile>
    <ClCompile Include="devctrl\subdevctrl\kxccdctrl\higimage.cpp">
      <Filter>Source Files</Filter>
    </ClCompile>
    <ClCompile Include="devctrl\subdevctrl\kxccdctrl\kxccdctrl.cpp">
      <Filter>Source Files</Filter>
    </ClCompile>
    <ClCompile Include="devctrlwidget\kxccdwidget\kxccdwidget\kxccdctrlwidget.cpp">
      <Filter>Source Files</Filter>
    </ClCompile>
    <ClCompile Include="platformworkwidget\lightparamwidget.cpp">
      <Filter>Source Files</Filter>
    </ClCompile>
    <ClCompile Include="commonwidget\logwidget\logwidget.cpp">
      <Filter>Source Files</Filter>
    </ClCompile>
    <ClCompile Include="main.cpp">
      <Filter>Source Files</Filter>
    </ClCompile>
    <ClCompile Include="mainwindow.cpp">
      <Filter>Source Files</Filter>
    </ClCompile>
    <ClCompile Include="offlinedatashowwidget\measureareadatawidget.cpp">
      <Filter>Source Files</Filter>
    </ClCompile>
    <ClCompile Include="platformworkwidget\measureprereadywidget.cpp">
      <Filter>Source Files</Filter>
    </ClCompile>
    <ClCompile Include="devctrlwidget\kxccdwidget\kxccdwidget\measurewidget.cpp">
      <Filter>Source Files</Filter>
    </ClCompile>
    <ClCompile Include="platformworkwidget\monitenergycoeffwidget.cpp">
      <Filter>Source Files</Filter>
    </ClCompile>
    <ClCompile Include="platformworkwidget\monitkxccdimgwidget.cpp">
      <Filter>Source Files</Filter>
    </ClCompile>
    <ClCompile Include="devctrlwidget\motorctrlwidget\motorctrlwidget.cpp">
      <Filter>Source Files</Filter>
    </ClCompile>
    <ClCompile Include="devctrl\subdevctrl\motordevctrl\motordevctrl.cpp">
      <Filter>Source Files</Filter>
    </ClCompile>
    <ClCompile Include="devctrl\subdevctrl\motordevctrl\motordevctrlbasic.cpp">
      <Filter>Source Files</Filter>
    </ClCompile>
    <ClCompile Include="devctrlwidget\kxccdwidget\kxccdmulitctrlwidget\mulitctrlwidget.cpp">
      <Filter>Source Files</Filter>
    </ClCompile>
    <ClCompile Include="offlinedatashowwidget\offlinedatawidget.cpp">
      <Filter>Source Files</Filter>
    </ClCompile>
    <ClCompile Include="devctrlwidget\oscictrlwidget\oscictrlwidget.cpp">
      <Filter>Source Files</Filter>
    </ClCompile>
    <ClCompile Include="devctrl\subdevctrl\oscidevctrl\oscidevctrl.cpp">
      <Filter>Source Files</Filter>
    </ClCompile>
    <ClCompile Include="platformworkwidget\paramwidget.cpp">
      <Filter>Source Files</Filter>
    </ClCompile>
    <ClCompile Include="platformworkwidget\platformconfig.cpp">
      <Filter>Source Files</Filter>
    </ClCompile>
    <ClCompile Include="devctrl\subdevctrl\platformdataprocessctrl.cpp">
      <Filter>Source Files</Filter>
    </ClCompile>
    <ClCompile Include="devctrl\subdevctrl\platformdefectcheckctrl.cpp">
      <Filter>Source Files</Filter>
    </ClCompile>
    <ClCompile Include="devctrl\subdevctrl\platformenergyadjdevctrl.cpp">
      <Filter>Source Files</Filter>
    </ClCompile>
    <ClCompile Include="devctrl\subdevctrl\platformenergydevctrl.cpp">
      <Filter>Source Files</Filter>
    </ClCompile>
    <ClCompile Include="devctrl\subdevctrl\platformkxccdctrl.cpp">
      <Filter>Source Files</Filter>
    </ClCompile>
    <ClCompile Include="devctrl\subdevctrl\platformmotordevctrl.cpp">
      <Filter>Source Files</Filter>
    </ClCompile>
    <ClCompile Include="devctrl\subdevctrl\platformoscictrl.cpp">
      <Filter>Source Files</Filter>
    </ClCompile>
    <ClCompile Include="devctrl\subdevctrl\platformshutterctrl.cpp">
      <Filter>Source Files</Filter>
    </ClCompile>
    <ClCompile Include="platformworkwidget\pointareawidget.cpp">
      <Filter>Source Files</Filter>
    </ClCompile>
    <ClCompile Include="commonfile\qcustomplot.cpp">
      <Filter>Source Files</Filter>
    </ClCompile>
    <ClCompile Include="commonwidget\imagelabel\qimageexpandwidget.cpp">
      <Filter>Source Files</Filter>
    </ClCompile>
    <ClCompile Include="commonwidget\imagelabel\qimagelabel.cpp">
      <Filter>Source Files</Filter>
    </ClCompile>
    <ClCompile Include="reportwidget\qmsword.cpp">
      <Filter>Source Files</Filter>
    </ClCompile>
    <ClCompile Include="commonwidget\navwidget\qnavwidget.cpp">
      <Filter>Source Files</Filter>
    </ClCompile>
    <ClCompile Include="commonfile\quiqss.cpp">
      <Filter>Source Files</Filter>
    </ClCompile>
    <ClCompile Include="reportwidget\reportwidget.cpp">
      <Filter>Source Files</Filter>
    </ClCompile>
    <ClCompile Include="offlinedatashowwidget\reslutprocesswidget.cpp">
      <Filter>Source Files</Filter>
    </ClCompile>
    <ClCompile Include="commonwidget\processbar\ringsprogressbar.cpp">
      <Filter>Source Files</Filter>
    </ClCompile>
    <ClCompile Include="workflowprocess\runtaskthread.cpp">
      <Filter>Source Files</Filter>
    </ClCompile>
    <ClCompile Include="devctrlwidget\kxccdwidget\kxccdwidget\searchdevwidget.cpp">
      <Filter>Source Files</Filter>
    </ClCompile>
    <ClCompile Include="devctrlwidget\shutterctrlwidget\shutterctrlwidget.cpp">
      <Filter>Source Files</Filter>
    </ClCompile>
    <ClCompile Include="devctrl\subdevctrl\shutterdevctrl\shutterdevctrl.cpp">
      <Filter>Source Files</Filter>
    </ClCompile>
    <ClCompile Include="offlinedatashowwidget\systemdatawidget.cpp">
      <Filter>Source Files</Filter>
    </ClCompile>
    <ClCompile Include="workflowprocess\taskinfo.cpp">
      <Filter>Source Files</Filter>
    </ClCompile>
    <ClCompile Include="commonwidget\topwidget\topwidget.cpp">
      <Filter>Source Files</Filter>
    </ClCompile>
    <ClCompile Include="workflowprocess\workflow.cpp">
      <Filter>Source Files</Filter>
    </ClCompile>
    <ClCompile Include="workflowwidget\workflowdetailwidget.cpp">
      <Filter>Source Files</Filter>
    </ClCompile>
    <ClCompile Include="workflowprocess\workflowprocessthread.cpp">
      <Filter>Source Files</Filter>
    </ClCompile>
    <ClCompile Include="workflowwidget\workflowwidget.cpp">
      <Filter>Source Files</Filter>
    </ClCompile>
    <ClCompile Include="devctrl\subdevctrl\shutterdevctrl\shutteripcbackend.cpp">
      <Filter>Generated Files</Filter>
    </ClCompile>
    <ClCompile Include="devctrl\subdevctrl\shutterdevctrl\shutteripcclient.cpp">
      <Filter>Generated Files</Filter>
    </ClCompile>
    <ClCompile Include="devctrlwidget\beamanalyzerwidget\beamanalyzerwidget.cpp">
      <Filter>Generated Files</Filter>
    </ClCompile>
    <ClCompile Include="devctrl\subdevctrl\energydevctrl\slinkcontroller.cpp">
      <Filter>Generated Files</Filter>
    </ClCompile>
    <ClCompile Include="devctrl\subdevctrl\energydevctrl\energy_slink_adapter.cpp">
      <Filter>Generated Files</Filter>
    </ClCompile>
  </ItemGroup>
  <ItemGroup>
    <ClInclude Include="devctrl\subdevctrl\motordevctrl\LTDMC.h">
      <Filter>Header Files</Filter>
    </ClInclude>
    <ClInclude Include="devctrl\subdevctrl\oscidevctrl\activedsolib.h">
      <Filter>Header Files</Filter>
    </ClInclude>
    <QtMoc Include="devctrlwidget\kxccdwidget\kxccdwidget\autosaveimagewidget.h">
      <Filter>Header Files</Filter>
    </QtMoc>
    <QtMoc Include="devctrlwidget\kxccdwidget\kxccdmulitctrlwidget\customlabel.h">
      <Filter>Header Files</Filter>
    </QtMoc>
    <QtMoc Include="devctrlwidget\kxccdwidget\kxccdwidget\customsliderwidget.h">
      <Filter>Header Files</Filter>
    </QtMoc>
    <QtMoc Include="devctrl\subdevctrl\energyadjustdevctrl\customtcpserver.h">
      <Filter>Header Files</Filter>
    </QtMoc>
    <ClInclude Include="dbprocess\dbbase.h">
      <Filter>Header Files</Filter>
    </ClInclude>
    <QtMoc Include="dbprocess\dbdataprocess.h">
      <Filter>Header Files</Filter>
    </QtMoc>
    <ClInclude Include="dbprocess\dbdefine.h">
      <Filter>Header Files</Filter>
    </ClInclude>
    <QtMoc Include="platformworkwidget\defectMeasurewidget.h">
      <Filter>Header Files</Filter>
    </QtMoc>
    <QtMoc Include="offlinedatashowwidget\defectcheckimagewidget.h">
      <Filter>Header Files</Filter>
    </QtMoc>
    <QtMoc Include="devctrl\subdevctrl\defectchecksysctrl\defectchecksysctrl.h">
      <Filter>Header Files</Filter>
    </QtMoc>
    <ClInclude Include="devctrl\subdevctrl\defectchecksysctrl\defectchecksysdefine.h">
      <Filter>Header Files</Filter>
    </ClInclude>
    <QtMoc Include="offlinedatashowwidget\defectdatawidget.h">
      <Filter>Header Files</Filter>
    </QtMoc>
    <QtMoc Include="devconfig\devconfig.h">
      <Filter>Header Files</Filter>
    </QtMoc>
    <QtMoc Include="devconfig\devconfigwidget.h">
      <Filter>Header Files</Filter>
    </QtMoc>
    <QtMoc Include="devctrl\devctrlmanager\devctrlmanager.h">
      <Filter>Header Files</Filter>
    </QtMoc>
    <ClInclude Include="devconfig\devdefine.h">
      <Filter>Header Files</Filter>
    </ClInclude>
    <QtMoc Include="devctrlwidget\energyadjdevctrlwidget\energyadjdevwidget.h">
      <Filter>Header Files</Filter>
    </QtMoc>
    <ClInclude Include="devctrlwidget\energyadjdevctrlwidget\energyadjdevwidgetdefine.h">
      <Filter>Header Files</Filter>
    </ClInclude>
    <ClInclude Include="devctrl\subdevctrl\energyadjustdevctrl\energyadjustdefine.h">
      <Filter>Header Files</Filter>
    </ClInclude>
    <QtMoc Include="devctrl\subdevctrl\energyadjustdevctrl\energyadjustdevctrl.h">
      <Filter>Header Files</Filter>
    </QtMoc>
    <QtMoc Include="devctrl\subdevctrl\energydevctrl\energydevctrl.h">
      <Filter>Header Files</Filter>
    </QtMoc>
    <QtMoc Include="devctrlwidget\energydevctrlwidget\energydevctrlwidget.h">
      <Filter>Header Files</Filter>
    </QtMoc>
    <ClInclude Include="devctrl\subdevctrl\energydevctrl\energydevdefine.h">
      <Filter>Header Files</Filter>
    </ClInclude>
    <ClInclude Include="reportwidget\expinfodefine.h">
      <Filter>Header Files</Filter>
    </ClInclude>
    <QtMoc Include="devctrl\subdevctrl\kxccdctrl\higimage.h">
      <Filter>Header Files</Filter>
    </QtMoc>
    <QtMoc Include="devctrl\subdevctrl\kxccdctrl\kxccdctrl.h">
      <Filter>Header Files</Filter>
    </QtMoc>
    <QtMoc Include="devctrlwidget\kxccdwidget\kxccdwidget\kxccdctrlwidget.h">
      <Filter>Header Files</Filter>
    </QtMoc>
    <ClInclude Include="devctrl\subdevctrl\kxccdctrl\kxccddefine.h">
      <Filter>Header Files</Filter>
    </ClInclude>
    <QtMoc Include="platformworkwidget\lightparamwidget.h">
      <Filter>Header Files</Filter>
    </QtMoc>
    <QtMoc Include="commonwidget\logwidget\logwidget.h">
      <Filter>Header Files</Filter>
    </QtMoc>
    <QtMoc Include="mainwindow.h">
      <Filter>Header Files</Filter>
    </QtMoc>
    <QtMoc Include="offlinedatashowwidget\measureareadatawidget.h">
      <Filter>Header Files</Filter>
    </QtMoc>
    <QtMoc Include="platformworkwidget\measureprereadywidget.h">
      <Filter>Header Files</Filter>
    </QtMoc>
    <QtMoc Include="devctrlwidget\kxccdwidget\kxccdwidget\measurewidget.h">
      <Filter>Header Files</Filter>
    </QtMoc>
    <QtMoc Include="platformworkwidget\monitenergycoeffwidget.h">
      <Filter>Header Files</Filter>
    </QtMoc>
    <QtMoc Include="platformworkwidget\monitkxccdimgwidget.h">
      <Filter>Header Files</Filter>
    </QtMoc>
    <QtMoc Include="devctrlwidget\motorctrlwidget\motorctrlwidget.h">
      <Filter>Header Files</Filter>
    </QtMoc>
    <ClInclude Include="devctrlwidget\motorctrlwidget\motorctrlwidgetdefine.h">
      <Filter>Header Files</Filter>
    </ClInclude>
    <QtMoc Include="devctrl\subdevctrl\motordevctrl\motordevctrl.h">
      <Filter>Header Files</Filter>
    </QtMoc>
    <QtMoc Include="devctrl\subdevctrl\motordevctrl\motordevctrlbasic.h">
      <Filter>Header Files</Filter>
    </QtMoc>
    <ClInclude Include="devctrl\subdevctrl\motordevctrl\motordevdefine.h">
      <Filter>Header Files</Filter>
    </ClInclude>
    <QtMoc Include="devctrlwidget\kxccdwidget\kxccdmulitctrlwidget\mulitctrlwidget.h">
      <Filter>Header Files</Filter>
    </QtMoc>
    <QtMoc Include="offlinedatashowwidget\offlinedatawidget.h">
      <Filter>Header Files</Filter>
    </QtMoc>
    <QtMoc Include="devctrlwidget\oscictrlwidget\oscictrlwidget.h">
      <Filter>Header Files</Filter>
    </QtMoc>
    <ClInclude Include="devctrl\subdevctrl\oscidevctrl\oscidefine.h">
      <Filter>Header Files</Filter>
    </ClInclude>
    <QtMoc Include="devctrl\subdevctrl\oscidevctrl\oscidevctrl.h">
      <Filter>Header Files</Filter>
    </QtMoc>
    <QtMoc Include="platformworkwidget\paramwidget.h">
      <Filter>Header Files</Filter>
    </QtMoc>
    <QtMoc Include="platformworkwidget\platformconfig.h">
      <Filter>Header Files</Filter>
    </QtMoc>
    <QtMoc Include="devctrl\subdevctrl\platformdataprocessctrl.h">
      <Filter>Header Files</Filter>
    </QtMoc>
    <QtMoc Include="devctrl\subdevctrl\platformdefectcheckctrl.h">
      <Filter>Header Files</Filter>
    </QtMoc>
    <QtMoc Include="devctrl\subdevctrl\platformenergyadjdevctrl.h">
      <Filter>Header Files</Filter>
    </QtMoc>
    <QtMoc Include="devctrl\subdevctrl\platformenergydevctrl.h">
      <Filter>Header Files</Filter>
    </QtMoc>
    <QtMoc Include="devctrl\subdevctrl\platformkxccdctrl.h">
      <Filter>Header Files</Filter>
    </QtMoc>
    <ClInclude Include="devctrl\subdevctrl\platformmotordevctrl.h">
      <Filter>Header Files</Filter>
    </ClInclude>
    <QtMoc Include="devctrl\subdevctrl\platformoscictrl.h">
      <Filter>Header Files</Filter>
    </QtMoc>
    <QtMoc Include="devctrl\subdevctrl\platformshutterctrl.h">
      <Filter>Header Files</Filter>
    </QtMoc>
    <ClInclude Include="devctrl\subdevctrl\platformtaskdefine.h">
      <Filter>Header Files</Filter>
    </ClInclude>
    <QtMoc Include="platformworkwidget\pointareawidget.h">
      <Filter>Header Files</Filter>
    </QtMoc>
    <QtMoc Include="commonfile\qcustomplot.h">
      <Filter>Header Files</Filter>
    </QtMoc>
    <QtMoc Include="commonwidget\imagelabel\qimageexpandwidget.h">
      <Filter>Header Files</Filter>
    </QtMoc>
    <QtMoc Include="commonwidget\imagelabel\qimagelabel.h">
      <Filter>Header Files</Filter>
    </QtMoc>
    <QtMoc Include="reportwidget\qmsword.h">
      <Filter>Header Files</Filter>
    </QtMoc>
    <QtMoc Include="commonwidget\navwidget\qnavwidget.h">
      <Filter>Header Files</Filter>
    </QtMoc>
    <ClInclude Include="commonfile\quiqss.h">
      <Filter>Header Files</Filter>
    </ClInclude>
    <QtMoc Include="reportwidget\reportwidget.h">
      <Filter>Header Files</Filter>
    </QtMoc>
    <QtMoc Include="offlinedatashowwidget\reslutprocesswidget.h">
      <Filter>Header Files</Filter>
    </QtMoc>
    <QtMoc Include="commonwidget\processbar\ringsprogressbar.h">
      <Filter>Header Files</Filter>
    </QtMoc>
    <ClInclude Include="workflowprocess\runtaskthread.h">
      <Filter>Header Files</Filter>
    </ClInclude>
    <QtMoc Include="devctrlwidget\kxccdwidget\kxccdwidget\searchdevwidget.h">
      <Filter>Header Files</Filter>
    </QtMoc>
    <ClInclude Include="setdebugnew.h">
      <Filter>Header Files</Filter>
    </ClInclude>
    <QtMoc Include="devctrlwidget\shutterctrlwidget\shutterctrlwidget.h">
      <Filter>Header Files</Filter>
    </QtMoc>
    <ClInclude Include="devctrl\subdevctrl\shutterdevctrl\shutterdefine.h">
      <Filter>Header Files</Filter>
    </ClInclude>
    <QtMoc Include="devctrl\subdevctrl\shutterdevctrl\shutterdevctrl.h">
      <Filter>Header Files</Filter>
    </QtMoc>
    <QtMoc Include="offlinedatashowwidget\systemdatawidget.h">
      <Filter>Header Files</Filter>
    </QtMoc>
    <ClInclude Include="workflowprocess\taskinfo.h">
      <Filter>Header Files</Filter>
    </ClInclude>
    <QtMoc Include="commonwidget\topwidget\topwidget.h">
      <Filter>Header Files</Filter>
    </QtMoc>
    <ClInclude Include="workflowprocess\workflow.h">
      <Filter>Header Files</Filter>
    </ClInclude>
    <ClInclude Include="workflowprocess\workflowdefine.h">
      <Filter>Header Files</Filter>
    </ClInclude>
    <QtMoc Include="workflowwidget\workflowdetailwidget.h">
      <Filter>Header Files</Filter>
    </QtMoc>
    <QtMoc Include="workflowprocess\workflowprocessthread.h">
      <Filter>Header Files</Filter>
    </QtMoc>
    <QtMoc Include="workflowwidget\workflowwidget.h">
      <Filter>Header Files</Filter>
    </QtMoc>
  </ItemGroup>
  <ItemGroup>
    <CustomBuild Include="debug\moc_predefs.h.cbt">
      <Filter>Generated Files</Filter>
    </CustomBuild>
    <CustomBuild Include="release\moc_predefs.h.cbt">
      <Filter>Generated Files</Filter>
    </CustomBuild>
  </ItemGroup>
  <ItemGroup>
    <QtUic Include="mainwindow.ui">
      <Filter>Form Files</Filter>
    </QtUic>
  </ItemGroup>
  <ItemGroup>
    <None Include="resource\png\appicon.png">
      <Filter>Resource Files</Filter>
    </None>
    <None Include="devctrlwidget\kxccdwidget\png\chart.png">
      <Filter>Resource Files</Filter>
    </None>
    <None Include="resource\png\chart.png">
      <Filter>Resource Files</Filter>
    </None>
    <None Include="devctrlwidget\kxccdwidget\png\checked.png">
      <Filter>Resource Files</Filter>
    </None>
    <None Include="resource\png\checked.png">
      <Filter>Resource Files</Filter>
    </None>
    <None Include="devctrlwidget\kxccdwidget\png\connect.png">
      <Filter>Resource Files</Filter>
    </None>
    <None Include="devctrlwidget\energyadjdevctrlwidget\image\disconnect.png">
      <Filter>Resource Files</Filter>
    </None>
    <None Include="devctrlwidget\energydevctrlwidget\image\disconnect.png">
      <Filter>Resource Files</Filter>
    </None>
    <None Include="devctrlwidget\kxccdwidget\png\disconnect.png">
      <Filter>Resource Files</Filter>
    </None>
    <None Include="devctrlwidget\motorctrlwidget\image\disconnect.png">
      <Filter>Resource Files</Filter>
    </None>
    <None Include="resource\png\disconnect.png">
      <Filter>Resource Files</Filter>
    </None>
    <None Include="resource\png\down.png">
      <Filter>Resource Files</Filter>
    </None>
    <None Include="resource\png\down_arrow.png">
      <Filter>Resource Files</Filter>
    </None>
    <QtRcc Include="devctrlwidget\energyadjdevctrlwidget\energyadjres.qrc">
      <Filter>Resource Files</Filter>
    </QtRcc>
    <QtRcc Include="devctrlwidget\energydevctrlwidget\energydev.qrc">
      <Filter>Resource Files</Filter>
    </QtRcc>
    <QtRcc Include="devctrlwidget\kxccdwidget\kxccdres.qrc">
      <Filter>Resource Files</Filter>
    </QtRcc>
    <None Include="devctrlwidget\energyadjdevctrlwidget\image\left.png">
      <Filter>Resource Files</Filter>
    </None>
    <None Include="devctrlwidget\motorctrlwidget\image\left.png">
      <Filter>Resource Files</Filter>
    </None>
    <None Include="resource\png\left.png">
      <Filter>Resource Files</Filter>
    </None>
    <QtRcc Include="devctrlwidget\motorctrlwidget\motorres.qrc">
      <Filter>Resource Files</Filter>
    </QtRcc>
    <QtRcc Include="commonwidget\navwidget\navres.qrc">
      <Filter>Resource Files</Filter>
    </QtRcc>
    <None Include="commonwidget\navwidget\navui.qss">
      <Filter>Resource Files</Filter>
    </None>
    <None Include="devctrlwidget\energyadjdevctrlwidget\image\ok.png">
      <Filter>Resource Files</Filter>
    </None>
    <None Include="devctrlwidget\energydevctrlwidget\image\ok.png">
      <Filter>Resource Files</Filter>
    </None>
    <None Include="devctrlwidget\motorctrlwidget\image\ok.png">
      <Filter>Resource Files</Filter>
    </None>
    <None Include="resource\png\ok.png">
      <Filter>Resource Files</Filter>
    </None>
    <None Include="resource\png\openfile.png">
      <Filter>Resource Files</Filter>
    </None>
    <None Include="devctrlwidget\kxccdwidget\png\query.png">
      <Filter>Resource Files</Filter>
    </None>
    <QtRcc Include="resource\res.qrc">
      <Filter>Resource Files</Filter>
    </QtRcc>
    <None Include="devctrlwidget\energyadjdevctrlwidget\image\right.png">
      <Filter>Resource Files</Filter>
    </None>
    <None Include="devctrlwidget\motorctrlwidget\image\right.png">
      <Filter>Resource Files</Filter>
    </None>
    <None Include="resource\png\right.png">
      <Filter>Resource Files</Filter>
    </None>
    <None Include="resource\png\running.png">
      <Filter>Resource Files</Filter>
    </None>
    <None Include="resource\png\saveas.png">
      <Filter>Resource Files</Filter>
    </None>
    <None Include="devctrlwidget\kxccdwidget\png\search.png">
      <Filter>Resource Files</Filter>
    </None>
    <None Include="devctrlwidget\kxccdwidget\png\set.png">
      <Filter>Resource Files</Filter>
    </None>
    <None Include="resource\png\set.png">
      <Filter>Resource Files</Filter>
    </None>
    <None Include="devctrlwidget\energyadjdevctrlwidget\image\start.png">
      <Filter>Resource Files</Filter>
    </None>
    <None Include="devctrlwidget\kxccdwidget\png\start.png">
      <Filter>Resource Files</Filter>
    </None>
    <None Include="devctrlwidget\motorctrlwidget\image\start.png">
      <Filter>Resource Files</Filter>
    </None>
    <None Include="resource\png\start.png">
      <Filter>Resource Files</Filter>
    </None>
    <None Include="resource\png\status_ok.png">
      <Filter>Resource Files</Filter>
    </None>
    <None Include="resource\png\staus_fail.png">
      <Filter>Resource Files</Filter>
    </None>
    <None Include="devctrlwidget\energyadjdevctrlwidget\image\stop.png">
      <Filter>Resource Files</Filter>
    </None>
    <None Include="devctrlwidget\kxccdwidget\png\stop.png">
      <Filter>Resource Files</Filter>
    </None>
    <None Include="devctrlwidget\motorctrlwidget\image\stop.png">
      <Filter>Resource Files</Filter>
    </None>
    <None Include="resource\png\stop.png">
      <Filter>Resource Files</Filter>
    </None>
    <None Include="commonwidget\topwidget\resource\titleclose.png">
      <Filter>Resource Files</Filter>
    </None>
    <None Include="commonwidget\topwidget\resource\titlemax.png">
      <Filter>Resource Files</Filter>
    </None>
    <None Include="commonwidget\topwidget\resource\titlemenu.png">
      <Filter>Resource Files</Filter>
    </None>
    <None Include="commonwidget\topwidget\resource\titlemini.png">
      <Filter>Resource Files</Filter>
    </None>
    <QtRcc Include="commonwidget\topwidget\resource\topres.qrc">
      <Filter>Resource Files</Filter>
    </QtRcc>
    <None Include="commonwidget\topwidget\resource\topwidgetui.qss">
      <Filter>Resource Files</Filter>
    </None>
    <None Include="resource\qss\ui.qss">
      <Filter>Resource Files</Filter>
    </None>
    <None Include="devctrlwidget\kxccdwidget\png\unchecked.png">
      <Filter>Resource Files</Filter>
    </None>
    <None Include="resource\png\unchecked.png">
      <Filter>Resource Files</Filter>
    </None>
    <None Include="resource\png\unrun.png">
      <Filter>Resource Files</Filter>
    </None>
    <None Include="resource\png\up.png">
      <Filter>Resource Files</Filter>
    </None>
    <QtRcc Include="workflowwidget\workflowres.qrc">
      <Filter>Resource Files</Filter>
    </QtRcc>
    <None Include="workflowwidget\workflowui.qss">
      <Filter>Resource Files</Filter>
    </None>
    <None Include="devctrlwidget\energyadjdevctrlwidget\image\zero.png">
      <Filter>Resource Files</Filter>
    </None>
    <None Include="devctrlwidget\motorctrlwidget\image\zero.png">
      <Filter>Resource Files</Filter>
    </None>
    <None Include="resource\png\zero.png">
      <Filter>Resource Files</Filter>
    </None>
  </ItemGroup>
  <ItemGroup>
    <ResourceCompile Include=".\SmallBorePlatformCtrlApp_resource.rc" />
  </ItemGroup>
  <ItemGroup>
    <QtMoc Include="devctrl\subdevctrl\shutterdevctrl\shutteripcclient.h">
      <Filter>Generated Files</Filter>
    </QtMoc>
    <QtMoc Include="devctrl\subdevctrl\shutterdevctrl\shutteripcbackend.h">
      <Filter>Generated Files</Filter>
    </QtMoc>
    <QtMoc Include="devctrl\subdevctrl\shutterdevctrl\ishutterbackend.h">
      <Filter>Generated Files</Filter>
    </QtMoc>
    <QtMoc Include="devctrlwidget\beamanalyzerwidget\beamanalyzerwidget.h">
      <Filter>Generated Files</Filter>
    </QtMoc>
    <QtMoc Include="devctrl\subdevctrl\energydevctrl\energy_slink_adapter.h">
      <Filter>Generated Files</Filter>
    </QtMoc>
    <QtMoc Include="devctrl\subdevctrl\energydevctrl\slinkcontroller.h">
      <Filter>Generated Files</Filter>
    </QtMoc>
  </ItemGroup>
</Project>