
Microsoft Visual Studio Solution File, Format Version 12.00
# Visual Studio Version 17
VisualStudioVersion = 17.14.36623.8 d17.14
MinimumVisualStudioVersion = 10.0.40219.1
Project("{8BC9CEB8-8B4A-11D0-8D11-00A0C91BC942}") = "SmallBorePlatformCtrlApp", "SmallBorePlatformCtrlApp.vcxproj", "{3AF26E38-D942-3022-A6BA-1FF7BC924DDB}"
EndProject
Global
	GlobalSection(SolutionConfigurationPlatforms) = preSolution
		Debug|x64 = Debug|x64
		Release|x64 = Release|x64
	EndGlobalSection
	GlobalSection(ProjectConfigurationPlatforms) = postSolution
		{3AF26E38-D942-3022-A6BA-1FF7BC924DDB}.Debug|x64.ActiveCfg = Debug|x64
		{3AF26E38-D942-3022-A6BA-1FF7BC924DDB}.Debug|x64.Build.0 = Debug|x64
		{3AF26E38-D942-3022-A6BA-1FF7BC924DDB}.Release|x64.ActiveCfg = Release|x64
		{3AF26E38-D942-3022-A6BA-1FF7BC924DDB}.Release|x64.Build.0 = Release|x64
	EndGlobalSection
	GlobalSection(SolutionProperties) = preSolution
		HideSolutionNode = FALSE
	EndGlobalSection
	GlobalSection(ExtensibilityGlobals) = postSolution
		SolutionGuid = {50CC35BA-4D4C-4E50-9369-1EDCA89FCCB2}
	EndGlobalSection
EndGlobal
